
Microsoft Visual Studio Solution File, Format Version 12.00
# Visual Studio Version 16
VisualStudioVersion = 16.0.30711.63
MinimumVisualStudioVersion = 10.0.40219.1
Project("{FAE04EC0-301F-11D3-BF4B-00C04F79EFBC}") = "CoffeeShopManager", "CoffeeShopManager\CoffeeShopManager.csproj", "{E172C7B0-3FA0-4063-99A1-2FC36445CFC3}"
EndProject
Global
	GlobalSection(SolutionConfigurationPlatforms) = preSolution
		Debug|Any CPU = Debug|Any CPU
		Release|Any CPU = Release|Any CPU
	EndGlobalSection
	GlobalSection(ProjectConfigurationPlatforms) = postSolution
		{E172C7B0-3FA0-4063-99A1-2FC36445CFC3}.Debug|Any CPU.ActiveCfg = Debug|Any CPU
		{E172C7B0-3FA0-4063-99A1-2FC36445CFC3}.Debug|Any CPU.Build.0 = Debug|Any CPU
		{E172C7B0-3FA0-4063-99A1-2FC36445CFC3}.Release|Any CPU.ActiveCfg = Release|Any CPU
		{E172C7B0-3FA0-4063-99A1-2FC36445CFC3}.Release|Any CPU.Build.0 = Release|Any CPU
	EndGlobalSection
	GlobalSection(SolutionProperties) = preSolution
		HideSolutionNode = FALSE
	EndGlobalSection
	GlobalSection(ExtensibilityGlobals) = postSolution
		SolutionGuid = {38A96F8B-86A4-45A3-A88F-770A1FCA75A5}
	EndGlobalSection
EndGlobal
